# This file is autogenerated, do not edit; changes may be undone by the next 'dep ensure'.


[[projects]]
  digest = "1:d5e752c67b445baa5b6cb6f8aa706775c2aa8e41aca95a0c651520ff2c80361a"
  name = "github.com/Microsoft/go-winio"
  packages = [
    ".",
    "pkg/guid",
  ]
  pruneopts = "UT"
  revision = "6c72808b55902eae4c5943626030429ff20f3b63"
  version = "v0.4.14"

[[projects]]
  digest = "1:04457f9f6f3ffc5fea48e71d62f2ca256637dee0a04d710288e27e05c8b41976"
  name = "github.com/Sirupsen/logrus"
  packages = ["."]
  pruneopts = "UT"
  revision = "839c75faf7f98a33d445d181f3018b5c3409a45e"
  version = "v1.4.2"

[[projects]]
  branch = "docker/1.13"
  digest = "1:6b5297ed2caa15361468ddbb4add02a8498b2c1082c3ac0a7eb0dde01f13428a"
  name = "github.com/docker/distribution"
  packages = [
    "digest",
    "reference",
  ]
  pruneopts = "UT"
  revision = "28602af35aceda2f8d571bad7ca37a54cf0250bc"

[[projects]]
  digest = "1:c4c7064c2c67a0a00815918bae489dd62cd88d859d24c95115d69b00b3d33334"
  name = "github.com/docker/docker"
  packages = [
    "api/types",
    "api/types/blkiodev",
    "api/types/container",
    "api/types/events",
    "api/types/filters",
    "api/types/mount",
    "api/types/network",
    "api/types/reference",
    "api/types/registry",
    "api/types/strslice",
    "api/types/swarm",
    "api/types/time",
    "api/types/versions",
    "api/types/volume",
    "client",
    "pkg/tlsconfig",
  ]
  pruneopts = "UT"
  revision = "092cba3727bb9b4a2f0e922cd6c0f93ea270e363"
  version = "v1.13.1"

[[projects]]
  branch = "docker/1.13"
  digest = "1:07bb488a98c1191b663ca88f48f2a8e6576495fba83d270eeb3bf627e0f8001d"
  name = "github.com/docker/go-connections"
  packages = [
    "nat",
    "sockets",
    "tlsconfig",
  ]
  pruneopts = "UT"
  revision = "ecb4cb2dd420ada7df7f2593d6c25441f65f69f2"

[[projects]]
  digest = "1:aaf8d8f8ffb92e0c4985a8796655071cb9a1870c585ad50d968f78931b871a98"
  name = "github.com/docker/go-units"
  packages = ["."]
  pruneopts = "UT"
  revision = "8a7beacffa3009a9ac66bad506b18ffdd110cf97"

[[projects]]
  digest = "1:31e761d97c76151dde79e9d28964a812c46efc5baee4085b86f68f0c654450de"
  name = "github.com/konsorten/go-windows-terminal-sequences"
  packages = ["."]
  pruneopts = "UT"
  revision = "f55edac94c9bbba5d6182a4be46d86a2c9b5b50e"
  version = "v1.0.2"

[[projects]]
  digest = "1:38ee335aedf4626620f3cf8f605661e71abdcce7b40b38921962beb3980f0a20"
  name = "github.com/opencontainers/runc"
  packages = ["libcontainer/user"]
  pruneopts = "UT"
  revision = "baf6536d6259209c3edfa2b22237af82942d3dfa"
  version = "v0.1.1"

[[projects]]
  digest = "1:40e195917a951a8bf867cd05de2a46aaf1806c50cf92eebf4c16f78cd196f747"
  name = "github.com/pkg/errors"
  packages = ["."]
  pruneopts = "UT"
  revision = "839d9e913e063e28dfd0e6c7b7512793e0a48be9"

[[projects]]
  branch = "master"
  digest = "1:d55e7d555a189a86d32d8d6ffebc36b9ea3c9b4ce17be758e09fe64445cb0c13"
  name = "golang.org/x/net"
  packages = [
    "context",
    "context/ctxhttp",
    "internal/socks",
    "proxy",
  ]
  pruneopts = "UT"
  revision = "c0dbc17a35534bf2e581d7a942408dc936316da4"

[[projects]]
  branch = "release-branch.go1.11"
  digest = "1:a60cae5be8993938498243605b120290533a5208fd5cac81c932afbad3642fb0"
  name = "golang.org/x/sys"
  packages = [
    "unix",
    "windows",
  ]
  pruneopts = "UT"
  revision = "98c5dad5d1a0e8a73845ecc8897d0bd56586511d"

[solve-meta]
  analyzer-name = "dep"
  analyzer-version = 1
  input-imports = [
    "github.com/docker/docker/api/types",
    "github.com/docker/docker/client",
  ]
  solver-name = "gps-cdcl"
  solver-version = 1
